{
  "lockfileVersion": 1,
  "configVersion": 1,
  "workspaces": {
    "": {
      "name": "openclaw-scheduler",
      "dependencies": {
        "node-cron": "^4.2.1",
      },
    },
  },
  "packages": {
    "node-cron": ["node-cron@4.2.1", "", {}, "sha512-lgimEHPE/QDgFlywTd8yTR61ptugX3Qer29efeyWw2rv259HtGBNn1vZVmp8lB9uo9wC0t/AT4iGqXxia+CJFg=="],
  }
}
